{
    "version": 3,
    "terraform_version": "0.11.7",
    "serial": 3,
    "lineage": "fcbb0608-f6aa-5bf5-b03a-168201ac7048",
    "modules": [
        {
            "path": [
                "root"
            ],
            "outputs": {
                "tbl-balancer-ip": {
                    "sensitive": false,
                    "type": "string",
                    "value": "35.233.172.67"
                }
            },
            "resources": {
                "kubernetes_replication_controller.tbl-server": {
                    "type": "kubernetes_replication_controller",
                    "depends_on": [],
                    "primary": {
                        "id": "default/tbl-server",
                        "attributes": {
                            "id": "default/tbl-server",
                            "metadata.#": "1",
                            "metadata.0.annotations.%": "0",
                            "metadata.0.generate_name": "",
                            "metadata.0.generation": "1",
                            "metadata.0.labels.%": "1",
                            "metadata.0.labels.App": "tbl-server",
                            "metadata.0.name": "tbl-server",
                            "metadata.0.namespace": "default",
                            "metadata.0.resource_version": "581680",
                            "metadata.0.self_link": "/api/v1/namespaces/default/replicationcontrollers/tbl-server",
                            "metadata.0.uid": "872e6fd7-6e50-11e8-b63c-42010a8a003f",
                            "spec.#": "1",
                            "spec.0.min_ready_seconds": "0",
                            "spec.0.replicas": "2",
                            "spec.0.selector.%": "1",
                            "spec.0.selector.App": "tbl-server",
                            "spec.0.template.#": "1",
                            "spec.0.template.0.active_deadline_seconds": "0",
                            "spec.0.template.0.container.#": "1",
                            "spec.0.template.0.container.0.args.#": "0",
                            "spec.0.template.0.container.0.command.#": "0",
                            "spec.0.template.0.container.0.env.#": "0",
                            "spec.0.template.0.container.0.image": "gcr.io/the-best-letter/the-best-letter:latest",
                            "spec.0.template.0.container.0.image_pull_policy": "Always",
                            "spec.0.template.0.container.0.lifecycle.#": "0",
                            "spec.0.template.0.container.0.liveness_probe.#": "0",
                            "spec.0.template.0.container.0.name": "tbl-server",
                            "spec.0.template.0.container.0.port.#": "1",
                            "spec.0.template.0.container.0.port.0.container_port": "8080",
                            "spec.0.template.0.container.0.port.0.host_ip": "",
                            "spec.0.template.0.container.0.port.0.host_port": "0",
                            "spec.0.template.0.container.0.port.0.name": "",
                            "spec.0.template.0.container.0.port.0.protocol": "TCP",
                            "spec.0.template.0.container.0.readiness_probe.#": "0",
                            "spec.0.template.0.container.0.resources.#": "1",
                            "spec.0.template.0.container.0.resources.0.limits.#": "1",
                            "spec.0.template.0.container.0.resources.0.limits.0.cpu": "500m",
                            "spec.0.template.0.container.0.resources.0.limits.0.memory": "512Mi",
                            "spec.0.template.0.container.0.resources.0.requests.#": "1",
                            "spec.0.template.0.container.0.resources.0.requests.0.cpu": "250m",
                            "spec.0.template.0.container.0.resources.0.requests.0.memory": "50Mi",
                            "spec.0.template.0.container.0.security_context.#": "0",
                            "spec.0.template.0.container.0.stdin": "false",
                            "spec.0.template.0.container.0.stdin_once": "false",
                            "spec.0.template.0.container.0.termination_message_path": "/dev/termination-log",
                            "spec.0.template.0.container.0.tty": "false",
                            "spec.0.template.0.container.0.volume_mount.#": "0",
                            "spec.0.template.0.container.0.working_dir": "",
                            "spec.0.template.0.dns_policy": "ClusterFirst",
                            "spec.0.template.0.host_ipc": "false",
                            "spec.0.template.0.host_network": "false",
                            "spec.0.template.0.host_pid": "false",
                            "spec.0.template.0.hostname": "",
                            "spec.0.template.0.image_pull_secrets.#": "0",
                            "spec.0.template.0.node_name": "",
                            "spec.0.template.0.node_selector.%": "0",
                            "spec.0.template.0.restart_policy": "Always",
                            "spec.0.template.0.security_context.#": "0",
                            "spec.0.template.0.service_account_name": "",
                            "spec.0.template.0.subdomain": "",
                            "spec.0.template.0.termination_grace_period_seconds": "30",
                            "spec.0.template.0.volume.#": "0"
                        },
                        "meta": {
                            "e2bfb730-ecaa-11e6-8f88-34363bc7c4c0": {
                                "create": 600000000000,
                                "delete": 600000000000,
                                "update": 600000000000
                            }
                        },
                        "tainted": false
                    },
                    "deposed": [],
                    "provider": "provider.kubernetes"
                },
                "kubernetes_service.tbl-balancer": {
                    "type": "kubernetes_service",
                    "depends_on": [
                        "kubernetes_pod.tbl-server"
                    ],
                    "primary": {
                        "id": "default/tbl-balancer",
                        "attributes": {
                            "id": "default/tbl-balancer",
                            "load_balancer_ingress.#": "1",
                            "load_balancer_ingress.0.hostname": "",
                            "load_balancer_ingress.0.ip": "35.233.172.67",
                            "metadata.#": "1",
                            "metadata.0.annotations.%": "0",
                            "metadata.0.generate_name": "",
                            "metadata.0.generation": "0",
                            "metadata.0.labels.%": "0",
                            "metadata.0.name": "tbl-balancer",
                            "metadata.0.namespace": "default",
                            "metadata.0.resource_version": "581012",
                            "metadata.0.self_link": "/api/v1/namespaces/default/services/tbl-balancer",
                            "metadata.0.uid": "4df6d30a-6e4f-11e8-b63c-42010a8a003f",
                            "spec.#": "1",
                            "spec.0.cluster_ip": "10.55.254.177",
                            "spec.0.external_ips.#": "0",
                            "spec.0.external_name": "",
                            "spec.0.load_balancer_ip": "",
                            "spec.0.load_balancer_source_ranges.#": "0",
                            "spec.0.port.#": "1",
                            "spec.0.port.0.name": "",
                            "spec.0.port.0.node_port": "31381",
                            "spec.0.port.0.port": "80",
                            "spec.0.port.0.protocol": "TCP",
                            "spec.0.port.0.target_port": "8080",
                            "spec.0.selector.%": "1",
                            "spec.0.selector.App": "tbl-server",
                            "spec.0.session_affinity": "None",
                            "spec.0.type": "LoadBalancer"
                        },
                        "meta": {},
                        "tainted": false
                    },
                    "deposed": [],
                    "provider": "provider.kubernetes"
                }
            },
            "depends_on": []
        }
    ]
}
